
Microsoft Visual Studio Solution File, Format Version 12.00
# Visual Studio Version 16
VisualStudioVersion = 16.0.29613.14
MinimumVisualStudioVersion = 10.0.40219.1
Project("{9A19103F-16F7-4668-BE54-9A1E7A4F7556}") = "homebrewAppServerAPI", "homebrewAppServerAPI\homebrewAppServerAPI.csproj", "{A6469C38-3AC7-47FB-A81E-67182BE4DE84}"
EndProject
Project("{9A19103F-16F7-4668-BE54-9A1E7A4F7556}") = "homebrewappServerAPI.Tests", "homebrewappServerAPI.Tests\homebrewappServerAPI.Tests.csproj", "{A00039A7-A070-449F-996E-4A3E2F21C711}"
EndProject
Global
	GlobalSection(SolutionConfigurationPlatforms) = preSolution
		Debug|Any CPU = Debug|Any CPU
		Release|Any CPU = Release|Any CPU
	EndGlobalSection
	GlobalSection(ProjectConfigurationPlatforms) = postSolution
		{A6469C38-3AC7-47FB-A81E-67182BE4DE84}.Debug|Any CPU.ActiveCfg = Debug|Any CPU
		{A6469C38-3AC7-47FB-A81E-67182BE4DE84}.Debug|Any CPU.Build.0 = Debug|Any CPU
		{A6469C38-3AC7-47FB-A81E-67182BE4DE84}.Release|Any CPU.ActiveCfg = Release|Any CPU
		{A6469C38-3AC7-47FB-A81E-67182BE4DE84}.Release|Any CPU.Build.0 = Release|Any CPU
		{A00039A7-A070-449F-996E-4A3E2F21C711}.Debug|Any CPU.ActiveCfg = Debug|Any CPU
		{A00039A7-A070-449F-996E-4A3E2F21C711}.Debug|Any CPU.Build.0 = Debug|Any CPU
		{A00039A7-A070-449F-996E-4A3E2F21C711}.Release|Any CPU.ActiveCfg = Release|Any CPU
	EndGlobalSection
	GlobalSection(SolutionProperties) = preSolution
		HideSolutionNode = FALSE
	EndGlobalSection
	GlobalSection(ExtensibilityGlobals) = postSolution
		SolutionGuid = {5D6D59B5-74AA-45BD-9391-E703297E3C71}
	EndGlobalSection
EndGlobal
